
Microsoft Visual Studio Solution File, Format Version 12.00
# Visual Studio Version 17
VisualStudioVersion = 17.9.34902.65
MinimumVisualStudioVersion = 10.0.40219.1
Project("{FAE04EC0-301F-11D3-BF4B-00C04F79EFBC}") = "OnlineShopV2.API", "OnlineShopV2.API\OnlineShopV2.API.csproj", "{8E32B4C0-C99B-4B9B-AF68-16270290BF6B}"
EndProject
Project("{FAE04EC0-301F-11D3-BF4B-00C04F79EFBC}") = "OnlineShopV2.Domain", "OnlineShopV2.Domain\OnlineShopV2.Domain.csproj", "{21B45686-7FDA-4891-B8EF-BE6691CF0C35}"
EndProject
Project("{FAE04EC0-301F-11D3-BF4B-00C04F79EFBC}") = "OnlineShopV2.Application", "OnlineShopV2.Application\OnlineShopV2.Application.csproj", "{60D99C87-724B-4201-8651-1479B54A4DCC}"
EndProject
Project("{FAE04EC0-301F-11D3-BF4B-00C04F79EFBC}") = "OnlineShopV2.Infrastructure", "OnlineShopV2.Infrastructure\OnlineShopV2.Infrastructure.csproj", "{A2D049BE-7FFD-47CA-AD97-849D3A3B9D7D}"
EndProject
Global
	GlobalSection(SolutionConfigurationPlatforms) = preSolution
		Debug|Any CPU = Debug|Any CPU
		Release|Any CPU = Release|Any CPU
	EndGlobalSection
	GlobalSection(ProjectConfigurationPlatforms) = postSolution
		{8E32B4C0-C99B-4B9B-AF68-16270290BF6B}.Debug|Any CPU.ActiveCfg = Debug|Any CPU
		{8E32B4C0-C99B-4B9B-AF68-16270290BF6B}.Debug|Any CPU.Build.0 = Debug|Any CPU
		{8E32B4C0-C99B-4B9B-AF68-16270290BF6B}.Release|Any CPU.ActiveCfg = Release|Any CPU
		{8E32B4C0-C99B-4B9B-AF68-16270290BF6B}.Release|Any CPU.Build.0 = Release|Any CPU
		{21B45686-7FDA-4891-B8EF-BE6691CF0C35}.Debug|Any CPU.ActiveCfg = Debug|Any CPU
		{21B45686-7FDA-4891-B8EF-BE6691CF0C35}.Debug|Any CPU.Build.0 = Debug|Any CPU
		{21B45686-7FDA-4891-B8EF-BE6691CF0C35}.Release|Any CPU.ActiveCfg = Release|Any CPU
		{21B45686-7FDA-4891-B8EF-BE6691CF0C35}.Release|Any CPU.Build.0 = Release|Any CPU
		{60D99C87-724B-4201-8651-1479B54A4DCC}.Debug|Any CPU.ActiveCfg = Debug|Any CPU
		{60D99C87-724B-4201-8651-1479B54A4DCC}.Debug|Any CPU.Build.0 = Debug|Any CPU
		{60D99C87-724B-4201-8651-1479B54A4DCC}.Release|Any CPU.ActiveCfg = Release|Any CPU
		{60D99C87-724B-4201-8651-1479B54A4DCC}.Release|Any CPU.Build.0 = Release|Any CPU
		{A2D049BE-7FFD-47CA-AD97-849D3A3B9D7D}.Debug|Any CPU.ActiveCfg = Debug|Any CPU
		{A2D049BE-7FFD-47CA-AD97-849D3A3B9D7D}.Debug|Any CPU.Build.0 = Debug|Any CPU
		{A2D049BE-7FFD-47CA-AD97-849D3A3B9D7D}.Release|Any CPU.ActiveCfg = Release|Any CPU
		{A2D049BE-7FFD-47CA-AD97-849D3A3B9D7D}.Release|Any CPU.Build.0 = Release|Any CPU
	EndGlobalSection
	GlobalSection(SolutionProperties) = preSolution
		HideSolutionNode = FALSE
	EndGlobalSection
	GlobalSection(ExtensibilityGlobals) = postSolution
		SolutionGuid = {76F7C739-5E5A-47F6-BD11-6465DBBCFE37}
	EndGlobalSection
EndGlobal
